
Microsoft Visual Studio Solution File, Format Version 12.00
# Visual Studio Version 18
VisualStudioVersion = 18.7.11919.86
MinimumVisualStudioVersion = 10.0.40219.1
Project("{FAE04EC0-301F-11D3-BF4B-00C04F79EFBC}") = "gated", "gated.csproj", "{43C63FC4-3A4A-4CCC-8C56-AB80CEE5754C}"
EndProject
Project("{FAE04EC0-301F-11D3-BF4B-00C04F79EFBC}") = "update", "Updater\update.csproj", "{D60322C3-FAAF-4E5C-962D-7B4D73E4CA6F}"
EndProject
Project("{C7167F0D-BC9F-4E6E-AFE1-012C56B48DB5}") = "msix", "Msix\msix.wapproj", "{C3281067-3473-4A82-92A0-FEFE108A69AC}"
EndProject
Global
	GlobalSection(SolutionConfigurationPlatforms) = preSolution
		Debug|Any CPU = Debug|Any CPU
		Debug|ARM = Debug|ARM
		Debug|ARM64 = Debug|ARM64
		Debug|x64 = Debug|x64
		Debug|x86 = Debug|x86
		Release|Any CPU = Release|Any CPU
		Release|ARM = Release|ARM
		Release|ARM64 = Release|ARM64
		Release|x64 = Release|x64
		Release|x86 = Release|x86
	EndGlobalSection
	GlobalSection(ProjectConfigurationPlatforms) = postSolution
		{43C63FC4-3A4A-4CCC-8C56-AB80CEE5754C}.Debug|Any CPU.ActiveCfg = Debug|Any CPU
		{43C63FC4-3A4A-4CCC-8C56-AB80CEE5754C}.Debug|Any CPU.Build.0 = Debug|Any CPU
		{43C63FC4-3A4A-4CCC-8C56-AB80CEE5754C}.Debug|ARM.ActiveCfg = Debug|Any CPU
		{43C63FC4-3A4A-4CCC-8C56-AB80CEE5754C}.Debug|ARM.Build.0 = Debug|Any CPU
		{43C63FC4-3A4A-4CCC-8C56-AB80CEE5754C}.Debug|ARM64.ActiveCfg = Debug|Any CPU
		{43C63FC4-3A4A-4CCC-8C56-AB80CEE5754C}.Debug|ARM64.Build.0 = Debug|Any CPU
		{43C63FC4-3A4A-4CCC-8C56-AB80CEE5754C}.Debug|x64.ActiveCfg = Debug|Any CPU
		{43C63FC4-3A4A-4CCC-8C56-AB80CEE5754C}.Debug|x64.Build.0 = Debug|Any CPU
		{43C63FC4-3A4A-4CCC-8C56-AB80CEE5754C}.Debug|x86.ActiveCfg = Debug|Any CPU
		{43C63FC4-3A4A-4CCC-8C56-AB80CEE5754C}.Debug|x86.Build.0 = Debug|Any CPU
		{43C63FC4-3A4A-4CCC-8C56-AB80CEE5754C}.Release|Any CPU.ActiveCfg = Release|Any CPU
		{43C63FC4-3A4A-4CCC-8C56-AB80CEE5754C}.Release|Any CPU.Build.0 = Release|Any CPU
		{43C63FC4-3A4A-4CCC-8C56-AB80CEE5754C}.Release|ARM.ActiveCfg = Release|Any CPU
		{43C63FC4-3A4A-4CCC-8C56-AB80CEE5754C}.Release|ARM.Build.0 = Release|Any CPU
		{43C63FC4-3A4A-4CCC-8C56-AB80CEE5754C}.Release|ARM64.ActiveCfg = Release|Any CPU
		{43C63FC4-3A4A-4CCC-8C56-AB80CEE5754C}.Release|ARM64.Build.0 = Release|Any CPU
		{43C63FC4-3A4A-4CCC-8C56-AB80CEE5754C}.Release|x64.ActiveCfg = Release|x64
		{43C63FC4-3A4A-4CCC-8C56-AB80CEE5754C}.Release|x64.Build.0 = Release|x64
		{43C63FC4-3A4A-4CCC-8C56-AB80CEE5754C}.Release|x86.ActiveCfg = Release|Any CPU
		{43C63FC4-3A4A-4CCC-8C56-AB80CEE5754C}.Release|x86.Build.0 = Release|Any CPU
		{D60322C3-FAAF-4E5C-962D-7B4D73E4CA6F}.Debug|Any CPU.ActiveCfg = Debug|Any CPU
		{D60322C3-FAAF-4E5C-962D-7B4D73E4CA6F}.Debug|ARM.ActiveCfg = Debug|Any CPU
		{D60322C3-FAAF-4E5C-962D-7B4D73E4CA6F}.Debug|ARM.Build.0 = Debug|Any CPU
		{D60322C3-FAAF-4E5C-962D-7B4D73E4CA6F}.Debug|ARM64.ActiveCfg = Debug|Any CPU
		{D60322C3-FAAF-4E5C-962D-7B4D73E4CA6F}.Debug|ARM64.Build.0 = Debug|Any CPU
		{D60322C3-FAAF-4E5C-962D-7B4D73E4CA6F}.Debug|x64.ActiveCfg = Debug|Any CPU
		{D60322C3-FAAF-4E5C-962D-7B4D73E4CA6F}.Debug|x64.Build.0 = Debug|Any CPU
		{D60322C3-FAAF-4E5C-962D-7B4D73E4CA6F}.Debug|x86.ActiveCfg = Debug|Any CPU
		{D60322C3-FAAF-4E5C-962D-7B4D73E4CA6F}.Debug|x86.Build.0 = Debug|Any CPU
		{D60322C3-FAAF-4E5C-962D-7B4D73E4CA6F}.Release|Any CPU.ActiveCfg = Release|Any CPU
		{D60322C3-FAAF-4E5C-962D-7B4D73E4CA6F}.Release|Any CPU.Build.0 = Release|Any CPU
		{D60322C3-FAAF-4E5C-962D-7B4D73E4CA6F}.Release|ARM.ActiveCfg = Release|Any CPU
		{D60322C3-FAAF-4E5C-962D-7B4D73E4CA6F}.Release|ARM.Build.0 = Release|Any CPU
		{D60322C3-FAAF-4E5C-962D-7B4D73E4CA6F}.Release|ARM64.ActiveCfg = Release|Any CPU
		{D60322C3-FAAF-4E5C-962D-7B4D73E4CA6F}.Release|ARM64.Build.0 = Release|Any CPU
		{D60322C3-FAAF-4E5C-962D-7B4D73E4CA6F}.Release|x64.ActiveCfg = Release|Any CPU
		{D60322C3-FAAF-4E5C-962D-7B4D73E4CA6F}.Release|x64.Build.0 = Release|Any CPU
		{D60322C3-FAAF-4E5C-962D-7B4D73E4CA6F}.Release|x86.ActiveCfg = Release|Any CPU
		{D60322C3-FAAF-4E5C-962D-7B4D73E4CA6F}.Release|x86.Build.0 = Release|Any CPU
		{C3281067-3473-4A82-92A0-FEFE108A69AC}.Debug|Any CPU.ActiveCfg = Debug|x64
		{C3281067-3473-4A82-92A0-FEFE108A69AC}.Debug|Any CPU.Build.0 = Debug|x64
		{C3281067-3473-4A82-92A0-FEFE108A69AC}.Debug|Any CPU.Deploy.0 = Debug|x64
		{C3281067-3473-4A82-92A0-FEFE108A69AC}.Debug|ARM.ActiveCfg = Debug|ARM
		{C3281067-3473-4A82-92A0-FEFE108A69AC}.Debug|ARM.Build.0 = Debug|ARM
		{C3281067-3473-4A82-92A0-FEFE108A69AC}.Debug|ARM.Deploy.0 = Debug|ARM
		{C3281067-3473-4A82-92A0-FEFE108A69AC}.Debug|ARM64.ActiveCfg = Debug|ARM64
		{C3281067-3473-4A82-92A0-FEFE108A69AC}.Debug|ARM64.Build.0 = Debug|ARM64
		{C3281067-3473-4A82-92A0-FEFE108A69AC}.Debug|ARM64.Deploy.0 = Debug|ARM64
		{C3281067-3473-4A82-92A0-FEFE108A69AC}.Debug|x64.ActiveCfg = Debug|x64
		{C3281067-3473-4A82-92A0-FEFE108A69AC}.Debug|x64.Build.0 = Debug|x64
		{C3281067-3473-4A82-92A0-FEFE108A69AC}.Debug|x64.Deploy.0 = Debug|x64
		{C3281067-3473-4A82-92A0-FEFE108A69AC}.Debug|x86.ActiveCfg = Debug|x86
		{C3281067-3473-4A82-92A0-FEFE108A69AC}.Debug|x86.Build.0 = Debug|x86
		{C3281067-3473-4A82-92A0-FEFE108A69AC}.Debug|x86.Deploy.0 = Debug|x86
		{C3281067-3473-4A82-92A0-FEFE108A69AC}.Release|Any CPU.ActiveCfg = Release|Any CPU
		{C3281067-3473-4A82-92A0-FEFE108A69AC}.Release|Any CPU.Build.0 = Release|Any CPU
		{C3281067-3473-4A82-92A0-FEFE108A69AC}.Release|Any CPU.Deploy.0 = Release|Any CPU
		{C3281067-3473-4A82-92A0-FEFE108A69AC}.Release|ARM.ActiveCfg = Release|ARM
		{C3281067-3473-4A82-92A0-FEFE108A69AC}.Release|ARM.Build.0 = Release|ARM
		{C3281067-3473-4A82-92A0-FEFE108A69AC}.Release|ARM.Deploy.0 = Release|ARM
		{C3281067-3473-4A82-92A0-FEFE108A69AC}.Release|ARM64.ActiveCfg = Release|ARM64
		{C3281067-3473-4A82-92A0-FEFE108A69AC}.Release|ARM64.Build.0 = Release|ARM64
		{C3281067-3473-4A82-92A0-FEFE108A69AC}.Release|ARM64.Deploy.0 = Release|ARM64
		{C3281067-3473-4A82-92A0-FEFE108A69AC}.Release|x64.ActiveCfg = Release|x64
		{C3281067-3473-4A82-92A0-FEFE108A69AC}.Release|x64.Build.0 = Release|x64
		{C3281067-3473-4A82-92A0-FEFE108A69AC}.Release|x64.Deploy.0 = Release|x64
		{C3281067-3473-4A82-92A0-FEFE108A69AC}.Release|x86.ActiveCfg = Release|x86
		{C3281067-3473-4A82-92A0-FEFE108A69AC}.Release|x86.Build.0 = Release|x86
		{C3281067-3473-4A82-92A0-FEFE108A69AC}.Release|x86.Deploy.0 = Release|x86
	EndGlobalSection
	GlobalSection(SolutionProperties) = preSolution
		HideSolutionNode = FALSE
	EndGlobalSection
	GlobalSection(ExtensibilityGlobals) = postSolution
		SolutionGuid = {7F694FB8-D63F-429E-B7C5-46FFF20D98CA}
	EndGlobalSection
EndGlobal
